{
  "name": "travel-app",
  "version": "1.0.0",
  "lockfileVersion": 1,
  "requires": true,
  "dependencies": {
    "flatpickr": {
      "version": "4.6.6",
      "resolved": "https://registry.npmjs.org/flatpickr/-/flatpickr-4.6.6.tgz",
      "integrity": "sha512-EZ48CJMttMg3maMhJoX+GvTuuEhX/RbA1YeuI19attP3pwBdbYy6+yqAEVm0o0hSBFYBiLbVxscLW6gJXq6H3A=="
    }
  }
}
